
Microsoft Visual Studio Solution File, Format Version 12.00
# Visual Studio Version 17
VisualStudioVersion = 17.6.33829.357
MinimumVisualStudioVersion = 10.0.40219.1
Project("{2150E333-8FDC-42A3-9474-1A3956D46DE8}") = "Frontend", "Frontend", "{73999A28-6B54-4096-B2E6-4A1BF57FD4EF}"
EndProject
Project("{2150E333-8FDC-42A3-9474-1A3956D46DE8}") = "Integration", "Integration", "{18FBDBA8-77D0-42E1-8C5A-BEEA14135A31}"
EndProject
Project("{2150E333-8FDC-42A3-9474-1A3956D46DE8}") = "Services", "Services", "{17721C65-AE1E-4D28-913C-89C30879CE36}"
EndProject
Project("{FAE04EC0-301F-11D3-BF4B-00C04F79EFBC}") = "DocAisle_Frontend", "DocAisle_Frontend\DocAisle_Frontend.csproj", "{2E4A8A85-7C7A-4A10-BEA1-9C971871F62D}"
EndProject
Global
	GlobalSection(SolutionConfigurationPlatforms) = preSolution
		Debug|Any CPU = Debug|Any CPU
		Release|Any CPU = Release|Any CPU
	EndGlobalSection
	GlobalSection(ProjectConfigurationPlatforms) = postSolution
		{2E4A8A85-7C7A-4A10-BEA1-9C971871F62D}.Debug|Any CPU.ActiveCfg = Debug|Any CPU
		{2E4A8A85-7C7A-4A10-BEA1-9C971871F62D}.Debug|Any CPU.Build.0 = Debug|Any CPU
		{2E4A8A85-7C7A-4A10-BEA1-9C971871F62D}.Release|Any CPU.ActiveCfg = Release|Any CPU
		{2E4A8A85-7C7A-4A10-BEA1-9C971871F62D}.Release|Any CPU.Build.0 = Release|Any CPU
	EndGlobalSection
	GlobalSection(SolutionProperties) = preSolution
		HideSolutionNode = FALSE
	EndGlobalSection
	GlobalSection(NestedProjects) = preSolution
		{2E4A8A85-7C7A-4A10-BEA1-9C971871F62D} = {73999A28-6B54-4096-B2E6-4A1BF57FD4EF}
	EndGlobalSection
	GlobalSection(ExtensibilityGlobals) = postSolution
		SolutionGuid = {D65C1E4B-060C-4F68-AE27-571AB511FF72}
	EndGlobalSection
EndGlobal
